
Microsoft Visual Studio Solution File, Format Version 12.00
# Visual Studio 15
VisualStudioVersion = 15.0.28306.52
MinimumVisualStudioVersion = 10.0.40219.1
Project("{9A19103F-16F7-4668-BE54-9A1E7A4F7556}") = "ServerLess-Zip", "ServerLess-Zip\ServerLess-Zip.csproj", "{C791978F-F9C8-441A-B647-F63401F366BE}"
EndProject
Project("{9A19103F-16F7-4668-BE54-9A1E7A4F7556}") = "ServerLess-Zip.Tests", "ServerLess-Zip.Tests\ServerLess-Zip.Tests.csproj", "{8ED2A37B-A207-4CC2-9079-EA8420EF33E6}"
EndProject
Global
	GlobalSection(SolutionConfigurationPlatforms) = preSolution
		Debug|Any CPU = Debug|Any CPU
		Release|Any CPU = Release|Any CPU
	EndGlobalSection
	GlobalSection(ProjectConfigurationPlatforms) = postSolution
		{C791978F-F9C8-441A-B647-F63401F366BE}.Debug|Any CPU.ActiveCfg = Debug|Any CPU
		{C791978F-F9C8-441A-B647-F63401F366BE}.Debug|Any CPU.Build.0 = Debug|Any CPU
		{C791978F-F9C8-441A-B647-F63401F366BE}.Release|Any CPU.ActiveCfg = Release|Any CPU
		{C791978F-F9C8-441A-B647-F63401F366BE}.Release|Any CPU.Build.0 = Release|Any CPU
		{8ED2A37B-A207-4CC2-9079-EA8420EF33E6}.Debug|Any CPU.ActiveCfg = Debug|Any CPU
		{8ED2A37B-A207-4CC2-9079-EA8420EF33E6}.Debug|Any CPU.Build.0 = Debug|Any CPU
		{8ED2A37B-A207-4CC2-9079-EA8420EF33E6}.Release|Any CPU.ActiveCfg = Release|Any CPU
		{8ED2A37B-A207-4CC2-9079-EA8420EF33E6}.Release|Any CPU.Build.0 = Release|Any CPU
	EndGlobalSection
	GlobalSection(SolutionProperties) = preSolution
		HideSolutionNode = FALSE
	EndGlobalSection
	GlobalSection(ExtensibilityGlobals) = postSolution
		SolutionGuid = {5B6A4645-C8CC-4263-8295-1181187DDC0D}
	EndGlobalSection
EndGlobal
